{
  "version": "5",
  "specifiers": {
    "jsr:@b-fuze/deno-dom@~0.1.56": "0.1.56",
    "jsr:@david/code-block-writer@^13.0.3": "13.0.3",
    "jsr:@deno/dnt@~0.42.3": "0.42.3",
    "jsr:@denosaurs/plug@1.1.0": "1.1.0",
    "jsr:@noble/ciphers@^2.0.1": "2.0.1",
    "jsr:@noble/curves@^2.0.1": "2.0.1",
    "jsr:@noble/hashes@2": "2.0.1",
    "jsr:@noble/hashes@^2.0.1": "2.0.1",
    "jsr:@std/assert@^1.0.13": "1.0.14",
    "jsr:@std/assert@^1.0.14": "1.0.14",
    "jsr:@std/crypto@^1.0.5": "1.0.5",
    "jsr:@std/data-structures@^1.0.9": "1.0.9",
    "jsr:@std/encoding@1": "1.0.10",
    "jsr:@std/fmt@1": "1.0.8",
    "jsr:@std/fs@1": "1.0.19",
    "jsr:@std/fs@^1.0.19": "1.0.19",
    "jsr:@std/internal@^1.0.10": "1.0.10",
    "jsr:@std/internal@^1.0.9": "1.0.10",
    "jsr:@std/path@1": "1.1.2",
    "jsr:@std/path@^1.1.1": "1.1.2",
    "jsr:@std/testing@^1.0.15": "1.0.15",
    "jsr:@ts-morph/bootstrap@0.27": "0.27.0",
    "jsr:@ts-morph/common@0.27": "0.27.0",
    "npm:@reactively/core@^0.0.8": "0.0.8",
    "npm:@stablelib/blake2b@^2.0.1": "2.0.1",
    "npm:@stablelib/blake2s@^2.0.1": "2.0.1",
    "npm:@stablelib/ed25519@^2.0.2": "2.0.2",
    "npm:@stablelib/hkdf@^2.0.1": "2.0.1",
    "npm:@stablelib/hmac@^2.0.1": "2.0.1",
    "npm:@stablelib/sha224@^2.0.1": "2.0.1",
    "npm:@stablelib/sha256@^2.0.1": "2.0.1",
    "npm:@stablelib/sha384@^2.0.1": "2.0.1",
    "npm:@stablelib/sha512@^2.0.1": "2.0.1",
    "npm:@stablelib/x25519@^2.0.1": "2.0.1",
    "npm:@stablelib/xchacha20poly1305@^2.0.1": "2.0.1",
    "npm:alien-signals@3": "3.0.0",
    "npm:csv-simple-parser@^2.0.2": "2.0.2",
    "npm:ed2curve@0.3": "0.3.0",
    "npm:fast-check@^4.3.0": "4.3.0",
    "npm:fastest-levenshtein@^1.0.16": "1.0.16",
    "npm:fuzzysearch@^1.0.3": "1.0.3",
    "npm:fuzzyset@^1.0.7": "1.0.7",
    "npm:js-levenshtein@^1.1.6": "1.1.6",
    "npm:leven@^4.1.0": "4.1.0",
    "npm:papaparse@^5.5.3": "5.5.3",
    "npm:rolldown-vite@^7.1.5": "7.1.14_picomatch@4.0.3",
    "npm:tweetnacl@^1.0.3": "1.0.3",
    "npm:udsv@~0.7.3": "0.7.3"
  },
  "jsr": {
    "@b-fuze/deno-dom@0.1.56": {
      "integrity": "8030e2dc1d8750f1682b53462ab893d9c3470f2287feecbe22f44a88c54ab148",
      "dependencies": [
        "jsr:@denosaurs/plug"
      ]
    },
    "@david/code-block-writer@13.0.3": {
      "integrity": "f98c77d320f5957899a61bfb7a9bead7c6d83ad1515daee92dbacc861e13bb7f"
    },
    "@deno/dnt@0.42.3": {
      "integrity": "62a917a0492f3c8af002dce90605bb0d41f7d29debc06aca40dba72ab65d8ae3",
      "dependencies": [
        "jsr:@david/code-block-writer",
        "jsr:@std/fmt",
        "jsr:@std/fs@1",
        "jsr:@std/path@1",
        "jsr:@ts-morph/bootstrap"
      ]
    },
    "@denosaurs/plug@1.1.0": {
      "integrity": "eb2f0b7546c7bca2000d8b0282c54d50d91cf6d75cb26a80df25a6de8c4bc044",
      "dependencies": [
        "jsr:@std/encoding",
        "jsr:@std/fmt",
        "jsr:@std/fs@1",
        "jsr:@std/path@1"
      ]
    },
    "@noble/ciphers@2.0.1": {
      "integrity": "1d28df773a29684c85844d27eefbb7cad3e4ce62849b63dae3024baf66cf769f"
    },
    "@noble/curves@2.0.1": {
      "integrity": "21ef41d207a203f60ba37a4fdcbc4f4a545b10c5dab7f293889f18292f81ab23",
      "dependencies": [
        "jsr:@noble/hashes@2"
      ]
    },
    "@noble/hashes@2.0.1": {
      "integrity": "e0e908292a0bf91099cf8ba0720a1647cef82ab38b588815b5e9535b4ff4d7bb"
    },
    "@std/assert@1.0.14": {
      "integrity": "68d0d4a43b365abc927f45a9b85c639ea18a9fab96ad92281e493e4ed84abaa4",
      "dependencies": [
        "jsr:@std/internal@^1.0.10"
      ]
    },
    "@std/crypto@1.0.5": {
      "integrity": "0dcfbb319fe0bba1bd3af904ceb4f948cde1b92979ec1614528380ed308a3b40"
    },
    "@std/data-structures@1.0.9": {
      "integrity": "033d6e17e64bf1f84a614e647c1b015fa2576ae3312305821e1a4cb20674bb4d"
    },
    "@std/encoding@1.0.10": {
      "integrity": "8783c6384a2d13abd5e9e87a7ae0520a30e9f56aeeaa3bdf910a3eaaf5c811a1"
    },
    "@std/fmt@1.0.8": {
      "integrity": "71e1fc498787e4434d213647a6e43e794af4fd393ef8f52062246e06f7e372b7"
    },
    "@std/fs@1.0.19": {
      "integrity": "051968c2b1eae4d2ea9f79a08a3845740ef6af10356aff43d3e2ef11ed09fb06",
      "dependencies": [
        "jsr:@std/internal@^1.0.9",
        "jsr:@std/path@^1.1.1"
      ]
    },
    "@std/internal@1.0.10": {
      "integrity": "e3be62ce42cab0e177c27698e5d9800122f67b766a0bea6ca4867886cbde8cf7"
    },
    "@std/path@1.1.2": {
      "integrity": "c0b13b97dfe06546d5e16bf3966b1cadf92e1cc83e56ba5476ad8b498d9e3038",
      "dependencies": [
        "jsr:@std/internal@^1.0.10"
      ]
    },
    "@std/testing@1.0.15": {
      "integrity": "a490169f5ccb0f3ae9c94fbc69d2cd43603f2cffb41713a85f99bbb0e3087cbc",
      "dependencies": [
        "jsr:@std/assert@^1.0.13",
        "jsr:@std/data-structures",
        "jsr:@std/fs@^1.0.19",
        "jsr:@std/internal@^1.0.10",
        "jsr:@std/path@^1.1.1"
      ]
    },
    "@ts-morph/bootstrap@0.27.0": {
      "integrity": "b8d7bc8f7942ce853dde4161b28f9aa96769cef3d8eebafb379a81800b9e2448",
      "dependencies": [
        "jsr:@ts-morph/common"
      ]
    },
    "@ts-morph/common@0.27.0": {
      "integrity": "c7b73592d78ce8479b356fd4f3d6ec3c460d77753a8680ff196effea7a939052",
      "dependencies": [
        "jsr:@std/fs@1",
        "jsr:@std/path@1"
      ]
    }
  },
  "npm": {
    "@emnapi/core@1.5.0": {
      "integrity": "sha512-sbP8GzB1WDzacS8fgNPpHlp6C9VZe+SJP3F90W9rLemaQj2PzIuTEl1qDOYQf58YIpyjViI24y9aPWCjEzY2cg==",
      "dependencies": [
        "@emnapi/wasi-threads",
        "tslib"
      ]
    },
    "@emnapi/runtime@1.5.0": {
      "integrity": "sha512-97/BJ3iXHww3djw6hYIfErCZFee7qCtrneuLa20UXFCOTCfBM2cvQHjWJ2EG0s0MtdNwInarqCTz35i4wWXHsQ==",
      "dependencies": [
        "tslib"
      ]
    },
    "@emnapi/wasi-threads@1.1.0": {
      "integrity": "sha512-WI0DdZ8xFSbgMjR1sFsKABJ/C5OnRrjT06JXbZKexJGrDuPTzZdDYfFlsgcCXCyf+suG5QU2e/y1Wo2V/OapLQ==",
      "dependencies": [
        "tslib"
      ]
    },
    "@napi-rs/wasm-runtime@1.0.5": {
      "integrity": "sha512-TBr9Cf9onSAS2LQ2+QHx6XcC6h9+RIzJgbqG3++9TUZSH204AwEy5jg3BTQ0VATsyoGj4ee49tN/y6rvaOOtcg==",
      "dependencies": [
        "@emnapi/core",
        "@emnapi/runtime",
        "@tybys/wasm-util"
      ]
    },
    "@oxc-project/runtime@0.92.0": {
      "integrity": "sha512-Z7x2dZOmznihvdvCvLKMl+nswtOSVxS2H2ocar+U9xx6iMfTp0VGIrX6a4xB1v80IwOPC7dT1LXIJrY70Xu3Jw=="
    },
    "@oxc-project/types@0.93.0": {
      "integrity": "sha512-yNtwmWZIBtJsMr5TEfoZFDxIWV6OdScOpza/f5YxbqUMJk+j6QX3Cf3jgZShGEFYWQJ5j9mJ6jM0tZHu2J9Yrg=="
    },
    "@reactively/core@0.0.8": {
      "integrity": "sha512-5uAnNf2gQSm3gM7z6Lx079H1/MuDQQI+5aYfwyDFGR9nHZj8yblLY/6aOJVWp+NcBwXVBKuWQ28qWHD9F1qN1w=="
    },
    "@rolldown/binding-android-arm64@1.0.0-beta.41": {
      "integrity": "sha512-Edflndd9lU7JVhVIvJlZhdCj5DkhYDJPIRn4Dx0RUdfc8asP9xHOI5gMd8MesDDx+BJpdIT/uAmVTearteU/mQ==",
      "os": ["android"],
      "cpu": ["arm64"]
    },
    "@rolldown/binding-darwin-arm64@1.0.0-beta.41": {
      "integrity": "sha512-XGCzqfjdk7550PlyZRTBKbypXrB7ATtXhw/+bjtxnklLQs0mKP/XkQVOKyn9qGKSlvH8I56JLYryVxl0PCvSNw==",
      "os": ["darwin"],
      "cpu": ["arm64"]
    },
    "@rolldown/binding-darwin-x64@1.0.0-beta.41": {
      "integrity": "sha512-Ho6lIwGJed98zub7n0xcRKuEtnZgbxevAmO4x3zn3C3N4GVXZD5xvCvTVxSMoeBJwTcIYzkVDRTIhylQNsTgLQ==",
      "os": ["darwin"],
      "cpu": ["x64"]
    },
    "@rolldown/binding-freebsd-x64@1.0.0-beta.41": {
      "integrity": "sha512-ijAZETywvL+gACjbT4zBnCp5ez1JhTRs6OxRN4J+D6AzDRbU2zb01Esl51RP5/8ZOlvB37xxsRQ3X4YRVyYb3g==",
      "os": ["freebsd"],
      "cpu": ["x64"]
    },
    "@rolldown/binding-linux-arm-gnueabihf@1.0.0-beta.41": {
      "integrity": "sha512-EgIOZt7UildXKFEFvaiLNBXm+4ggQyGe3E5Z1QP9uRcJJs9omihOnm897FwOBQdCuMvI49iBgjFrkhH+wMJ2MA==",
      "os": ["linux"],
      "cpu": ["arm"]
    },
    "@rolldown/binding-linux-arm64-gnu@1.0.0-beta.41": {
      "integrity": "sha512-F8bUwJq8v/JAU8HSwgF4dztoqJ+FjdyjuvX4//3+Fbe2we9UktFeZ27U4lRMXF1vxWtdV4ey6oCSqI7yUrSEeg==",
      "os": ["linux"],
      "cpu": ["arm64"]
    },
    "@rolldown/binding-linux-arm64-musl@1.0.0-beta.41": {
      "integrity": "sha512-MioXcCIX/wB1pBnBoJx8q4OGucUAfC1+/X1ilKFsjDK05VwbLZGRgOVD5OJJpUQPK86DhQciNBrfOKDiatxNmg==",
      "os": ["linux"],
      "cpu": ["arm64"]
    },
    "@rolldown/binding-linux-x64-gnu@1.0.0-beta.41": {
      "integrity": "sha512-m66M61fizvRCwt5pOEiZQMiwBL9/y0bwU/+Kc4Ce/Pef6YfoEkR28y+DzN9rMdjo8Z28NXjsDPq9nH4mXnAP0g==",
      "os": ["linux"],
      "cpu": ["x64"]
    },
    "@rolldown/binding-linux-x64-musl@1.0.0-beta.41": {
      "integrity": "sha512-yRxlSfBvWnnfrdtJfvi9lg8xfG5mPuyoSHm0X01oiE8ArmLRvoJGHUTJydCYz+wbK2esbq5J4B4Tq9WAsOlP1Q==",
      "os": ["linux"],
      "cpu": ["x64"]
    },
    "@rolldown/binding-openharmony-arm64@1.0.0-beta.41": {
      "integrity": "sha512-PHVxYhBpi8UViS3/hcvQQb9RFqCtvFmFU1PvUoTRiUdBtgHA6fONNHU4x796lgzNlVSD3DO/MZNk1s5/ozSMQg==",
      "os": ["openharmony"],
      "cpu": ["arm64"]
    },
    "@rolldown/binding-wasm32-wasi@1.0.0-beta.41": {
      "integrity": "sha512-OAfcO37ME6GGWmj9qTaDT7jY4rM0T2z0/8ujdQIJQ2x2nl+ztO32EIwURfmXOK0U1tzkyuaKYvE34Pug/ucXlQ==",
      "dependencies": [
        "@napi-rs/wasm-runtime"
      ],
      "cpu": ["wasm32"]
    },
    "@rolldown/binding-win32-arm64-msvc@1.0.0-beta.41": {
      "integrity": "sha512-NIYGuCcuXaq5BC4Q3upbiMBvmZsTsEPG9k/8QKQdmrch+ocSy5Jv9tdpdmXJyighKqm182nh/zBt+tSJkYoNlg==",
      "os": ["win32"],
      "cpu": ["arm64"]
    },
    "@rolldown/binding-win32-ia32-msvc@1.0.0-beta.41": {
      "integrity": "sha512-kANdsDbE5FkEOb5NrCGBJBCaZ2Sabp3D7d4PRqMYJqyLljwh9mDyYyYSv5+QNvdAmifj+f3lviNEUUuUZPEFPw==",
      "os": ["win32"],
      "cpu": ["ia32"]
    },
    "@rolldown/binding-win32-x64-msvc@1.0.0-beta.41": {
      "integrity": "sha512-UlpxKmFdik0Y2VjZrgUCgoYArZJiZllXgIipdBRV1hw6uK45UbQabSTW6Kp6enuOu7vouYWftwhuxfpE8J2JAg==",
      "os": ["win32"],
      "cpu": ["x64"]
    },
    "@rolldown/pluginutils@1.0.0-beta.41": {
      "integrity": "sha512-ycMEPrS3StOIeb87BT3/+bu+blEtyvwQ4zmo2IcJQy0Rd1DAAhKksA0iUZ3MYSpJtjlPhg0Eo6mvVS6ggPhRbw=="
    },
    "@stablelib/aead@2.0.0": {
      "integrity": "sha512-U/RMANRxbT/ahIpYsPSiFwDFNjADHdnCFfmo09MO1ai2XmerPAOPtMl0qmX7XVvygnACC6ijKDyHBoT2rGyElg=="
    },
    "@stablelib/binary@2.0.1": {
      "integrity": "sha512-U9iAO8lXgEDONsA0zPPSgcf3HUBNAqHiJmSHgZz62OvC3Hi2Bhc5kTnQ3S1/L+sthDTHtCMhcEiklmIly6uQ3w==",
      "dependencies": [
        "@stablelib/int"
      ]
    },
    "@stablelib/blake2b@2.0.1": {
      "integrity": "sha512-kBN4i9FHpkTEVrHwKtb1ZjI6QwyoK8emY9TaLcHHFSZkw2FN9Td8Js9mU2U10q+EZ3Mp6z78QgdPDwJXbc3Dtw==",
      "dependencies": [
        "@stablelib/binary",
        "@stablelib/hash",
        "@stablelib/wipe"
      ]
    },
    "@stablelib/blake2s@2.0.1": {
      "integrity": "sha512-tEIp6yEq/3Ue7D21xy8+zhv/6G3gruZOCctgtVeVYCuqRDFWFRIDZH+8Pb0f4Wk/VwfkDlG1V4yaB6WjkzrdRw==",
      "dependencies": [
        "@stablelib/binary",
        "@stablelib/hash",
        "@stablelib/wipe"
      ]
    },
    "@stablelib/bytes@2.0.1": {
      "integrity": "sha512-QIzI6V7nkJA5CjOZ7GoceBd4CIKrJoC471VaI6jh1xPQ2cMhkhQK4HddyzCXOR2y+fBF3/5B2HO3FXXI9C+Xzg=="
    },
    "@stablelib/chacha20poly1305@2.0.1": {
      "integrity": "sha512-kOoBsXbDPVRlelzXl+5WViycgM19lD7lF3Bc3KWI+DzId0Stc2HlxAfSc+Xpn3RgqSCl1ZNTXr33LegqBhBBaw==",
      "dependencies": [
        "@stablelib/aead",
        "@stablelib/binary",
        "@stablelib/chacha",
        "@stablelib/constant-time",
        "@stablelib/poly1305",
        "@stablelib/wipe"
      ]
    },
    "@stablelib/chacha@2.0.1": {
      "integrity": "sha512-lS1FqtNqofxe2vLkRsLli2m3x/XanUyAYRphLhdHumKeIsLbjbCXdCq3Pf/eWiO7G3QlSG5ViqnoVjktzfLWMg==",
      "dependencies": [
        "@stablelib/binary",
        "@stablelib/wipe"
      ]
    },
    "@stablelib/constant-time@2.0.1": {
      "integrity": "sha512-0NWPogffRm+UWBH0+iM5otZmNrVe5OHFIvyoNIVankMAYOQzMwcdVALOVPrB5Ho0dST+Oc3H8/hPh65Z8R/uew=="
    },
    "@stablelib/ed25519@2.0.2": {
      "integrity": "sha512-d/lJ5sgzhtmpMIbKFWfev+i6WebBdIzzBpMzXtZdvUijoksjXosYFNqytoMj7cRshNj+/XTLYnnVMdZfd+penw==",
      "dependencies": [
        "@stablelib/random",
        "@stablelib/sha512",
        "@stablelib/wipe"
      ]
    },
    "@stablelib/hash@2.0.0": {
      "integrity": "sha512-u3WPSqGido8lwJuMcrBgM5K54LrPGhkWAdtsyccf7dGsLixAZUds77zOAbu7bvKPwQlmoByH0txBi5rTmEKuHg=="
    },
    "@stablelib/hkdf@2.0.1": {
      "integrity": "sha512-R8w5r43QpM92FhyGPsQAhd4KOKwhmMFgvihoRJjiEi/YNwwXlluQoYruNQxyBA1fEMmJ8QHtQvEZEX/Uyr6MwQ==",
      "dependencies": [
        "@stablelib/hash",
        "@stablelib/hmac",
        "@stablelib/wipe"
      ]
    },
    "@stablelib/hmac@2.0.1": {
      "integrity": "sha512-YDMEmogYNDWESU8ggMiTi4VDMfHt2XG+pgVskJCHuKVlmWwXxYKZ6bn5dq24/jU3vzZSajwKzRCU6iafT2OKUA==",
      "dependencies": [
        "@stablelib/constant-time",
        "@stablelib/hash",
        "@stablelib/wipe"
      ]
    },
    "@stablelib/int@2.0.1": {
      "integrity": "sha512-Ht63fQp3wz/F8U4AlXEPb7hfJOIILs8Lq55jgtD7KueWtyjhVuzcsGLSTAWtZs3XJDZYdF1WcSKn+kBtbzupww=="
    },
    "@stablelib/keyagreement@2.0.1": {
      "integrity": "sha512-2+tWBLCMtWlHQ7GqjD5L+lQRyWtun4Lou0IOdTML8zuTuAS0EgihnHFx+4uMZwYU1In40J/WlpyKSLidHfStRQ==",
      "dependencies": [
        "@stablelib/bytes"
      ]
    },
    "@stablelib/poly1305@2.0.1": {
      "integrity": "sha512-D8xfZcL/5zeVARJ9I2fZOUCnZvsJx8G4JDQvD+ecsnaCildPtqZDwqqjtOc4cfHAdScrMjOzUVsssjXUTBw3YQ==",
      "dependencies": [
        "@stablelib/constant-time",
        "@stablelib/wipe"
      ]
    },
    "@stablelib/random@2.0.1": {
      "integrity": "sha512-W6GAtXEEs7r+dSbuBsvoFmlyL3gLxle41tQkjKu17dDWtDdjhVUbtRfRCQcCUeczwkgjQxMPopgwYEvxXtHXGw==",
      "dependencies": [
        "@stablelib/binary",
        "@stablelib/wipe"
      ]
    },
    "@stablelib/sha224@2.0.1": {
      "integrity": "sha512-obw8Lk6JC83fsp3WKZVNc1+R8Y8vDgVMOLqt8bjM3BB0MJ/Q5bqjfLD+xgpKEjzweTqwEURdlL+OVwI4W4fu4Q==",
      "dependencies": [
        "@stablelib/sha256"
      ]
    },
    "@stablelib/sha256@2.0.1": {
      "integrity": "sha512-LA1PaLDc6Lv72ppA4PEZ7abDE741KfG7k7QhBiUyIfViMqrwWv8HqQQFPeuPfS4k2OxFv++IAgc8HlvdBatD+w==",
      "dependencies": [
        "@stablelib/binary",
        "@stablelib/hash",
        "@stablelib/wipe"
      ]
    },
    "@stablelib/sha384@2.0.1": {
      "integrity": "sha512-B5jMyM8KmCQlrXDjPzCXoNRgxR1zMkZmlKeSTDkunaQWbQRiYo7QYS3zE0iVAPUaAVBTuPV9hqsFGpH5lIMHkA==",
      "dependencies": [
        "@stablelib/sha512"
      ]
    },
    "@stablelib/sha512@2.0.1": {
      "integrity": "sha512-DUNe5cbnoH3sSIN+MG04RvTCLXtkbyy/SnQxiNO+GgF/KSXkkUSlF6mUVvCUdZBZ2X3NgogR+tAvaRSn8wxnLw==",
      "dependencies": [
        "@stablelib/binary",
        "@stablelib/hash",
        "@stablelib/wipe"
      ]
    },
    "@stablelib/wipe@2.0.1": {
      "integrity": "sha512-1eU2K9EgOcV4qc9jcP6G72xxZxEm5PfeI5H55l08W95b4oRJaqhmlWRc4xZAm6IVSKhVNxMi66V67hCzzuMTAg=="
    },
    "@stablelib/x25519@2.0.1": {
      "integrity": "sha512-qi04HS2puHaBf50kM/kes5QcZFGsx8yF0YmCjLCOa/LPmnBaKEKX9ZR82OnnCwMn72YH13R/bBZgr/UP0aPFfA==",
      "dependencies": [
        "@stablelib/keyagreement",
        "@stablelib/random",
        "@stablelib/wipe"
      ]
    },
    "@stablelib/xchacha20@2.0.1": {
      "integrity": "sha512-k55pNv7gIM4mUPU00+nJYTxKiUVNwAtsgrridC0aIU5cVbw9u6qP99x8ENu5eiwOEhZUNg+p3tTOLooCeAOJQA==",
      "dependencies": [
        "@stablelib/binary",
        "@stablelib/chacha",
        "@stablelib/wipe"
      ]
    },
    "@stablelib/xchacha20poly1305@2.0.1": {
      "integrity": "sha512-OUZnnPsd4y5ConoMtADkxiz308vcYrpFT7hzTgXLo5UMyu7aPAP0FaOM+aJAnV+GHBoWp+2ncDOhvtho3VDp7g==",
      "dependencies": [
        "@stablelib/aead",
        "@stablelib/chacha20poly1305",
        "@stablelib/constant-time",
        "@stablelib/wipe",
        "@stablelib/xchacha20"
      ]
    },
    "@tybys/wasm-util@0.10.1": {
      "integrity": "sha512-9tTaPJLSiejZKx+Bmog4uSubteqTvFrVrURwkmHixBo0G4seD0zUxp98E1DzUBJxLQ3NPwXrGKDiVjwx/DpPsg==",
      "dependencies": [
        "tslib"
      ]
    },
    "alien-signals@3.0.0": {
      "integrity": "sha512-JHoRJf18Y6HN4/KZALr3iU+0vW9LKG+8FMThQlbn4+gv8utsLIkwpomjElGPccGeNwh0FI2HN6BLnyFLo6OyLQ=="
    },
    "ansis@4.2.0": {
      "integrity": "sha512-HqZ5rWlFjGiV0tDm3UxxgNRqsOTniqoKZu0pIAfh7TZQMGuZK+hH0drySty0si0QXj1ieop4+SkSfPZBPPkHig=="
    },
    "csv-simple-parser@2.0.2": {
      "integrity": "sha512-G9KUSB7Bh8mRjZcg340FJM96tJYPPfb+UjR6T+dOcdRLChmwOTP6jB9+rJwmqDoaPHMJW/CXabYbJ1ZEjbkrrg==",
      "dependencies": [
        "detect-eol"
      ]
    },
    "detect-eol@3.0.1": {
      "integrity": "sha512-ncnuLiZCKO7Kt+3CpwUIV8QnnwpBsSFxGQBY6Nve18K2aOrTim2xpzDa8YunHkePt39OCfV2qOX+b7xjYSDRWg=="
    },
    "detect-libc@2.1.1": {
      "integrity": "sha512-ecqj/sy1jcK1uWrwpR67UhYrIFQ+5WlGxth34WquCbamhFA6hkkwiu37o6J5xCHdo1oixJRfVRw+ywV+Hq/0Aw=="
    },
    "ed2curve@0.3.0": {
      "integrity": "sha512-8w2fmmq3hv9rCrcI7g9hms2pMunQr1JINfcjwR9tAyZqhtyaMN991lF/ZfHfr5tzZQ8c7y7aBgZbjfbd0fjFwQ==",
      "dependencies": [
        "tweetnacl"
      ]
    },
    "fast-check@4.3.0": {
      "integrity": "sha512-JVw/DJSxVKl8uhCb7GrwanT9VWsCIdBkK3WpP37B/Au4pyaspriSjtrY2ApbSFwTg3ViPfniT13n75PhzE7VEQ==",
      "dependencies": [
        "pure-rand"
      ]
    },
    "fastest-levenshtein@1.0.16": {
      "integrity": "sha512-eRnCtTTtGZFpQCwhJiUOuxPQWRXVKYDn0b2PeHfXL6/Zi53SLAzAHfVhVWK2AryC/WH05kGfxhFIPvTF0SXQzg=="
    },
    "fdir@6.5.0_picomatch@4.0.3": {
      "integrity": "sha512-tIbYtZbucOs0BRGqPJkshJUYdL+SDH7dVM8gjy+ERp3WAUjLEFJE+02kanyHtwjWOnwrKYBiwAmM0p4kLJAnXg==",
      "dependencies": [
        "picomatch"
      ],
      "optionalPeers": [
        "picomatch"
      ]
    },
    "fsevents@2.3.3": {
      "integrity": "sha512-5xoDfX+fL7faATnagmWPpbFtwh/R77WmMMqqHGS65C3vvB0YHrgF+B1YmZ3441tMj5n63k0212XNoJwzlhffQw==",
      "os": ["darwin"],
      "scripts": true
    },
    "fuzzysearch@1.0.3": {
      "integrity": "sha512-s+kNWQuI3mo9OALw0HJ6YGmMbLqEufCh2nX/zzV5CrICQ/y4AwPxM+6TIiF9ItFCHXFCyM/BfCCmN57NTIJuPg=="
    },
    "fuzzyset@1.0.7": {
      "integrity": "sha512-RjcvWPK6v+FHwierTqnjXjtF6fgZCOVucORlOt4ZEJRrHUqt4tRiCIzg1Zm0XMSAZGMTBCSHPx4IgdBH3m0VZg=="
    },
    "js-levenshtein@1.1.6": {
      "integrity": "sha512-X2BB11YZtrRqY4EnQcLX5Rh373zbK4alC1FW7D7MBhL2gtcC17cTnr6DmfHZeS0s2rTHjUTMMHfG7gO8SSdw+g=="
    },
    "leven@4.1.0": {
      "integrity": "sha512-KZ9W9nWDT7rF7Dazg8xyLHGLrmpgq2nVNFUckhqdW3szVP6YhCpp/RAnpmVExA9JvrMynjwSLVrEj3AepHR6ew=="
    },
    "lightningcss-android-arm64@1.30.2": {
      "integrity": "sha512-BH9sEdOCahSgmkVhBLeU7Hc9DWeZ1Eb6wNS6Da8igvUwAe0sqROHddIlvU06q3WyXVEOYDZ6ykBZQnjTbmo4+A==",
      "os": ["android"],
      "cpu": ["arm64"]
    },
    "lightningcss-darwin-arm64@1.30.2": {
      "integrity": "sha512-ylTcDJBN3Hp21TdhRT5zBOIi73P6/W0qwvlFEk22fkdXchtNTOU4Qc37SkzV+EKYxLouZ6M4LG9NfZ1qkhhBWA==",
      "os": ["darwin"],
      "cpu": ["arm64"]
    },
    "lightningcss-darwin-x64@1.30.2": {
      "integrity": "sha512-oBZgKchomuDYxr7ilwLcyms6BCyLn0z8J0+ZZmfpjwg9fRVZIR5/GMXd7r9RH94iDhld3UmSjBM6nXWM2TfZTQ==",
      "os": ["darwin"],
      "cpu": ["x64"]
    },
    "lightningcss-freebsd-x64@1.30.2": {
      "integrity": "sha512-c2bH6xTrf4BDpK8MoGG4Bd6zAMZDAXS569UxCAGcA7IKbHNMlhGQ89eRmvpIUGfKWNVdbhSbkQaWhEoMGmGslA==",
      "os": ["freebsd"],
      "cpu": ["x64"]
    },
    "lightningcss-linux-arm-gnueabihf@1.30.2": {
      "integrity": "sha512-eVdpxh4wYcm0PofJIZVuYuLiqBIakQ9uFZmipf6LF/HRj5Bgm0eb3qL/mr1smyXIS1twwOxNWndd8z0E374hiA==",
      "os": ["linux"],
      "cpu": ["arm"]
    },
    "lightningcss-linux-arm64-gnu@1.30.2": {
      "integrity": "sha512-UK65WJAbwIJbiBFXpxrbTNArtfuznvxAJw4Q2ZGlU8kPeDIWEX1dg3rn2veBVUylA2Ezg89ktszWbaQnxD/e3A==",
      "os": ["linux"],
      "cpu": ["arm64"]
    },
    "lightningcss-linux-arm64-musl@1.30.2": {
      "integrity": "sha512-5Vh9dGeblpTxWHpOx8iauV02popZDsCYMPIgiuw97OJ5uaDsL86cnqSFs5LZkG3ghHoX5isLgWzMs+eD1YzrnA==",
      "os": ["linux"],
      "cpu": ["arm64"]
    },
    "lightningcss-linux-x64-gnu@1.30.2": {
      "integrity": "sha512-Cfd46gdmj1vQ+lR6VRTTadNHu6ALuw2pKR9lYq4FnhvgBc4zWY1EtZcAc6EffShbb1MFrIPfLDXD6Xprbnni4w==",
      "os": ["linux"],
      "cpu": ["x64"]
    },
    "lightningcss-linux-x64-musl@1.30.2": {
      "integrity": "sha512-XJaLUUFXb6/QG2lGIW6aIk6jKdtjtcffUT0NKvIqhSBY3hh9Ch+1LCeH80dR9q9LBjG3ewbDjnumefsLsP6aiA==",
      "os": ["linux"],
      "cpu": ["x64"]
    },
    "lightningcss-win32-arm64-msvc@1.30.2": {
      "integrity": "sha512-FZn+vaj7zLv//D/192WFFVA0RgHawIcHqLX9xuWiQt7P0PtdFEVaxgF9rjM/IRYHQXNnk61/H/gb2Ei+kUQ4xQ==",
      "os": ["win32"],
      "cpu": ["arm64"]
    },
    "lightningcss-win32-x64-msvc@1.30.2": {
      "integrity": "sha512-5g1yc73p+iAkid5phb4oVFMB45417DkRevRbt/El/gKXJk4jid+vPFF/AXbxn05Aky8PapwzZrdJShv5C0avjw==",
      "os": ["win32"],
      "cpu": ["x64"]
    },
    "lightningcss@1.30.2": {
      "integrity": "sha512-utfs7Pr5uJyyvDETitgsaqSyjCb2qNRAtuqUeWIAKztsOYdcACf2KtARYXg2pSvhkt+9NfoaNY7fxjl6nuMjIQ==",
      "dependencies": [
        "detect-libc"
      ],
      "optionalDependencies": [
        "lightningcss-android-arm64",
        "lightningcss-darwin-arm64",
        "lightningcss-darwin-x64",
        "lightningcss-freebsd-x64",
        "lightningcss-linux-arm-gnueabihf",
        "lightningcss-linux-arm64-gnu",
        "lightningcss-linux-arm64-musl",
        "lightningcss-linux-x64-gnu",
        "lightningcss-linux-x64-musl",
        "lightningcss-win32-arm64-msvc",
        "lightningcss-win32-x64-msvc"
      ]
    },
    "nanoid@3.3.11": {
      "integrity": "sha512-N8SpfPUnUp1bK+PMYW8qSWdl9U+wwNWI4QKxOYDy9JAro3WMX7p2OeVRF9v+347pnakNevPmiHhNmZ2HbFA76w==",
      "bin": true
    },
    "papaparse@5.5.3": {
      "integrity": "sha512-5QvjGxYVjxO59MGU2lHVYpRWBBtKHnlIAcSe1uNFCkkptUh63NFRj0FJQm7nR67puEruUci/ZkjmEFrjCAyP4A=="
    },
    "picocolors@1.1.1": {
      "integrity": "sha512-xceH2snhtb5M9liqDsmEw56le376mTZkEX/jEb/RxNFyegNul7eNslCXP9FDj/Lcu0X8KEyMceP2ntpaHrDEVA=="
    },
    "picomatch@4.0.3": {
      "integrity": "sha512-5gTmgEY/sqK6gFXLIsQNH19lWb4ebPDLA4SdLP7dsWkIXHWlG66oPuVvXSGFPppYZz8ZDZq0dYYrbHfBCVUb1Q=="
    },
    "postcss@8.5.6": {
      "integrity": "sha512-3Ybi1tAuwAP9s0r1UQ2J4n5Y0G05bJkpUIO0/bI9MhwmD70S5aTWbXGBwxHrelT+XM1k6dM0pk+SwNkpTRN7Pg==",
      "dependencies": [
        "nanoid",
        "picocolors",
        "source-map-js"
      ]
    },
    "pure-rand@7.0.1": {
      "integrity": "sha512-oTUZM/NAZS8p7ANR3SHh30kXB+zK2r2BPcEn/awJIbOvq82WoMN4p62AWWp3Hhw50G0xMsw1mhIBLqHw64EcNQ=="
    },
    "rolldown-vite@7.1.14_picomatch@4.0.3": {
      "integrity": "sha512-eSiiRJmovt8qDJkGyZuLnbxAOAdie6NCmmd0NkTC0RJI9duiSBTfr8X2mBYJOUFzxQa2USaHmL99J9uMxkjCyw==",
      "dependencies": [
        "@oxc-project/runtime",
        "fdir",
        "lightningcss",
        "picomatch",
        "postcss",
        "rolldown",
        "tinyglobby"
      ],
      "optionalDependencies": [
        "fsevents"
      ],
      "bin": true
    },
    "rolldown@1.0.0-beta.41": {
      "integrity": "sha512-U+NPR0Bkg3wm61dteD2L4nAM1U9dtaqVrpDXwC36IKRHpEO/Ubpid4Nijpa2imPchcVNHfxVFwSSMJdwdGFUbg==",
      "dependencies": [
        "@oxc-project/types",
        "@rolldown/pluginutils",
        "ansis"
      ],
      "optionalDependencies": [
        "@rolldown/binding-android-arm64",
        "@rolldown/binding-darwin-arm64",
        "@rolldown/binding-darwin-x64",
        "@rolldown/binding-freebsd-x64",
        "@rolldown/binding-linux-arm-gnueabihf",
        "@rolldown/binding-linux-arm64-gnu",
        "@rolldown/binding-linux-arm64-musl",
        "@rolldown/binding-linux-x64-gnu",
        "@rolldown/binding-linux-x64-musl",
        "@rolldown/binding-openharmony-arm64",
        "@rolldown/binding-wasm32-wasi",
        "@rolldown/binding-win32-arm64-msvc",
        "@rolldown/binding-win32-ia32-msvc",
        "@rolldown/binding-win32-x64-msvc"
      ],
      "bin": true
    },
    "source-map-js@1.2.1": {
      "integrity": "sha512-UXWMKhLOwVKb728IUtQPXxfYU+usdybtUrK/8uGE8CQMvrhOpwvzDBwj0QhSL7MQc7vIsISBG8VQ8+IDQxpfQA=="
    },
    "tinyglobby@0.2.15_picomatch@4.0.3": {
      "integrity": "sha512-j2Zq4NyQYG5XMST4cbs02Ak8iJUdxRM0XI5QyxXuZOzKOINmWurp3smXu3y5wDcJrptwpSjgXHzIQxR0omXljQ==",
      "dependencies": [
        "fdir",
        "picomatch"
      ]
    },
    "tslib@2.8.1": {
      "integrity": "sha512-oJFu94HQb+KVduSUQL7wnpmqnfmLsOA/nAh6b6EH0wCEoK0/mPeXU6c3wKDV83MkOuHPRHtSXKKU99IBazS/2w=="
    },
    "tweetnacl@1.0.3": {
      "integrity": "sha512-6rt+RN7aOi1nGMyC4Xa5DdYiukl2UWCbcJft7YhxReBGQD7OAM8Pbxw6YMo4r2diNEA8FEmu32YOn9rhaiE5yw=="
    },
    "udsv@0.7.3": {
      "integrity": "sha512-RLDImCO8M0DQmMi9V9YRjoecAc8+GiylpZico6ZuibPvRGRj3LGI1YPYLzBrnQTSax0metXnDoBFg/1zSgGIhg=="
    }
  },
  "workspace": {
    "dependencies": [
      "jsr:@deno/dnt@~0.42.3",
      "jsr:@std/assert@^1.0.14",
      "npm:fast-check@^4.3.0"
    ],
    "members": {
      "25519": {
        "dependencies": [
          "jsr:@noble/curves@^2.0.1",
          "npm:@stablelib/ed25519@^2.0.2",
          "npm:@stablelib/x25519@^2.0.1",
          "npm:ed2curve@0.3",
          "npm:tweetnacl@^1.0.3"
        ]
      },
      "aead": {
        "dependencies": [
          "jsr:@noble/ciphers@^2.0.1",
          "npm:@stablelib/xchacha20poly1305@^2.0.1",
          "npm:tweetnacl@^1.0.3"
        ]
      },
      "csv": {
        "dependencies": [
          "npm:csv-simple-parser@^2.0.2",
          "npm:papaparse@^5.5.3",
          "npm:udsv@~0.7.3"
        ]
      },
      "dom": {
        "dependencies": [
          "jsr:@b-fuze/deno-dom@~0.1.56"
        ]
      },
      "fuzz": {
        "dependencies": [
          "npm:fastest-levenshtein@^1.0.16",
          "npm:fuzzysearch@^1.0.3",
          "npm:fuzzyset@^1.0.7",
          "npm:js-levenshtein@^1.1.6",
          "npm:leven@^4.1.0"
        ]
      },
      "hash": {
        "dependencies": [
          "jsr:@noble/hashes@^2.0.1",
          "jsr:@std/crypto@^1.0.5",
          "npm:@stablelib/blake2b@^2.0.1",
          "npm:@stablelib/blake2s@^2.0.1",
          "npm:@stablelib/hkdf@^2.0.1",
          "npm:@stablelib/hmac@^2.0.1",
          "npm:@stablelib/sha224@^2.0.1",
          "npm:@stablelib/sha256@^2.0.1",
          "npm:@stablelib/sha384@^2.0.1",
          "npm:@stablelib/sha512@^2.0.1",
          "npm:tweetnacl@^1.0.3"
        ]
      },
      "lib": {
        "dependencies": [
          "jsr:@deno/dnt@~0.42.3"
        ]
      },
      "signal": {
        "dependencies": [
          "jsr:@std/testing@^1.0.15",
          "npm:@reactively/core@^0.0.8",
          "npm:alien-signals@3"
        ]
      },
      "vite": {
        "dependencies": [
          "npm:rolldown-vite@^7.1.5"
        ]
      }
    }
  }
}
